
Microsoft Visual Studio Solution File, Format Version 12.00
# Visual Studio Version 16
VisualStudioVersion = 16.0.35026.282
MinimumVisualStudioVersion = 10.0.40219.1
Project("{8BC9CEB8-8B4A-11D0-8D11-00A0C91BC942}") = "compress_decompress", "compress_decompress.vcxproj", "{AA785FE8-A622-491B-8FB5-30472BDF01E8}"
EndProject
Global
	GlobalSection(SolutionConfigurationPlatforms) = preSolution
		Debug|x64 = Debug|x64
		Debug|x86 = Debug|x86
		Release|x64 = Release|x64
		Release|x86 = Release|x86
	EndGlobalSection
	GlobalSection(ProjectConfigurationPlatforms) = postSolution
		{AA785FE8-A622-491B-8FB5-30472BDF01E8}.Debug|x64.ActiveCfg = Debug|x64
		{AA785FE8-A622-491B-8FB5-30472BDF01E8}.Debug|x64.Build.0 = Debug|x64
		{AA785FE8-A622-491B-8FB5-30472BDF01E8}.Debug|x86.ActiveCfg = Debug|Win32
		{AA785FE8-A622-491B-8FB5-30472BDF01E8}.Debug|x86.Build.0 = Debug|Win32
		{AA785FE8-A622-491B-8FB5-30472BDF01E8}.Release|x64.ActiveCfg = Release|x64
		{AA785FE8-A622-491B-8FB5-30472BDF01E8}.Release|x64.Build.0 = Release|x64
		{AA785FE8-A622-491B-8FB5-30472BDF01E8}.Release|x86.ActiveCfg = Release|Win32
		{AA785FE8-A622-491B-8FB5-30472BDF01E8}.Release|x86.Build.0 = Release|Win32
	EndGlobalSection
	GlobalSection(SolutionProperties) = preSolution
		HideSolutionNode = FALSE
	EndGlobalSection
	GlobalSection(ExtensibilityGlobals) = postSolution
		SolutionGuid = {9BE6806F-64EF-4905-A042-82538363911B}
	EndGlobalSection
EndGlobal
